// !$*UTF8*$!
{
	archiveVersion = 1;
	classes = {
	};
	objectVersion = 46;
	objects = {

/* Begin PBXBuildFile section */
		040375C6197990A100A5B5FC /* data in Resources */ = {isa = PBXBuildFile; fileRef = 040375C21979905100A5B5FC /* data */; };
		040375DC197990B900A5B5FC /* Race.cpp in Sources */ = {isa = PBXBuildFile; fileRef = 040375CD197990B900A5B5FC /* Race.cpp */; };
		040375DD197990B900A5B5FC /* ColorMap.cpp in Sources */ = {isa = PBXBuildFile; fileRef = 040375D0197990B900A5B5FC /* ColorMap.cpp */; };
		040375DE197990B900A5B5FC /* Font.cpp in Sources */ = {isa = PBXBuildFile; fileRef = 040375D2197990B900A5B5FC /* Font.cpp */; };
		040375DF197990B900A5B5FC /* Gfx.cpp in Sources */ = {isa = PBXBuildFile; fileRef = 040375D4197990B900A5B5FC /* Gfx.cpp */; };
		040375E0197990B900A5B5FC /* Texture.cpp in Sources */ = {isa = PBXBuildFile; fileRef = 040375D6197990B900A5B5FC /* Texture.cpp */; };
		040375E1197990B900A5B5FC /* Localization.cpp in Sources */ = {isa = PBXBuildFile; fileRef = 040375D9197990B900A5B5FC /* Localization.cpp */; };
		040375E2197990B900A5B5FC /* main.cpp in Sources */ = {isa = PBXBuildFile; fileRef = 040375DB197990B900A5B5FC /* main.cpp */; };
		040375E61979EA6700A5B5FC /* Buttons.cpp in Sources */ = {isa = PBXBuildFile; fileRef = 040375E41979EA6700A5B5FC /* Buttons.cpp */; };
		040375E8197A775300A5B5FC /* Common.cpp in Sources */ = {isa = PBXBuildFile; fileRef = 040375E7197A775300A5B5FC /* Common.cpp */; };
		040375EB197A9ABC00A5B5FC /* Animations.cpp in Sources */ = {isa = PBXBuildFile; fileRef = 040375E9197A9ABC00A5B5FC /* Animations.cpp */; };
		040375EE197A9DD600A5B5FC /* SDL.cpp in Sources */ = {isa = PBXBuildFile; fileRef = 040375EC197A9DD600A5B5FC /* SDL.cpp */; };
		040375F2197AAF7B00A5B5FC /* View.cpp in Sources */ = {isa = PBXBuildFile; fileRef = 040375F0197AAF7B00A5B5FC /* View.cpp */; };
		040375F5197AB04100A5B5FC /* Player.cpp in Sources */ = {isa = PBXBuildFile; fileRef = 040375F3197AB04100A5B5FC /* Player.cpp */; };
		040375F8197AB04700A5B5FC /* LocalPlayer.cpp in Sources */ = {isa = PBXBuildFile; fileRef = 040375F6197AB04700A5B5FC /* LocalPlayer.cpp */; };
		040375FB197AB09000A5B5FC /* Game.cpp in Sources */ = {isa = PBXBuildFile; fileRef = 040375F9197AB09000A5B5FC /* Game.cpp */; };
		040375FE197ABA9100A5B5FC /* ViewManager.cpp in Sources */ = {isa = PBXBuildFile; fileRef = 040375FC197ABA9100A5B5FC /* ViewManager.cpp */; };
		04037603197AC90900A5B5FC /* Places.cpp in Sources */ = {isa = PBXBuildFile; fileRef = 04037601197AC90900A5B5FC /* Places.cpp */; };
		04037606197AC92200A5B5FC /* Army.cpp in Sources */ = {isa = PBXBuildFile; fileRef = 04037604197AC92200A5B5FC /* Army.cpp */; };
		0403760A197AD00800A5B5FC /* Buildings.cpp in Sources */ = {isa = PBXBuildFile; fileRef = 04037608197AD00800A5B5FC /* Buildings.cpp */; };
		0403760D197AE16100A5B5FC /* Level.cpp in Sources */ = {isa = PBXBuildFile; fileRef = 0403760B197AE16100A5B5FC /* Level.cpp */; };
		04037611197AE1FF00A5B5FC /* Spells.cpp in Sources */ = {isa = PBXBuildFile; fileRef = 0403760F197AE1FF00A5B5FC /* Spells.cpp */; };
		04037614197AF68700A5B5FC /* Settings.cpp in Sources */ = {isa = PBXBuildFile; fileRef = 04037613197AF68700A5B5FC /* Settings.cpp */; };
		04037618197AF93600A5B5FC /* NewGameView.cpp in Sources */ = {isa = PBXBuildFile; fileRef = 04037616197AF93600A5B5FC /* NewGameView.cpp */; };
		0403761B197B46DA00A5B5FC /* City.cpp in Sources */ = {isa = PBXBuildFile; fileRef = 04037619197B46DA00A5B5FC /* City.cpp */; };
		0403761E197B52F800A5B5FC /* Unit.cpp in Sources */ = {isa = PBXBuildFile; fileRef = 0403761C197B52F800A5B5FC /* Unit.cpp */; };
		04037621197B539400A5B5FC /* Tile.cpp in Sources */ = {isa = PBXBuildFile; fileRef = 0403761F197B539400A5B5FC /* Tile.cpp */; };
		04037624197B550F00A5B5FC /* Util.cpp in Sources */ = {isa = PBXBuildFile; fileRef = 04037622197B550F00A5B5FC /* Util.cpp */; };
		04037627197B58C900A5B5FC /* World.cpp in Sources */ = {isa = PBXBuildFile; fileRef = 04037625197B58C900A5B5FC /* World.cpp */; };
		0420538D197DA9D700B4C2CA /* SkillSet.cpp in Sources */ = {isa = PBXBuildFile; fileRef = 0420538B197DA9D700B4C2CA /* SkillSet.cpp */; };
		04205392197DA9E900B4C2CA /* Effects.cpp in Sources */ = {isa = PBXBuildFile; fileRef = 0420538E197DA9E900B4C2CA /* Effects.cpp */; };
		04205393197DA9E900B4C2CA /* Skill.cpp in Sources */ = {isa = PBXBuildFile; fileRef = 04205390197DA9E900B4C2CA /* Skill.cpp */; };
		04205396197DAA3C00B4C2CA /* Pathfind.cpp in Sources */ = {isa = PBXBuildFile; fileRef = 04205394197DAA3C00B4C2CA /* Pathfind.cpp */; };
		0420539B197DCDB300B4C2CA /* MapMechanics.cpp in Sources */ = {isa = PBXBuildFile; fileRef = 04205399197DCDB300B4C2CA /* MapMechanics.cpp */; };
		04243F2B197ED3F500E8A716 /* Combat.cpp in Sources */ = {isa = PBXBuildFile; fileRef = 04243F29197ED3F500E8A716 /* Combat.cpp */; };
		04243F2E197EE9E700E8A716 /* SpellBook.cpp in Sources */ = {isa = PBXBuildFile; fileRef = 04243F2C197EE9E700E8A716 /* SpellBook.cpp */; };
		0442470F1980A04800A8D7CC /* SpellMechanics.cpp in Sources */ = {isa = PBXBuildFile; fileRef = 0442470D1980A04800A8D7CC /* SpellMechanics.cpp */; };
		044247121980B97900A8D7CC /* EventMechanics.cpp in Sources */ = {isa = PBXBuildFile; fileRef = 044247101980B97900A8D7CC /* EventMechanics.cpp */; };
		044E466D1980202D00E396AD /* MiniMap.cpp in Sources */ = {isa = PBXBuildFile; fileRef = 044E466B1980202D00E396AD /* MiniMap.cpp */; };
		0464E11419813E1A009C91ED /* CityMechanics.cpp in Sources */ = {isa = PBXBuildFile; fileRef = 0464E11219813E1A009C91ED /* CityMechanics.cpp */; };
		0464E11719818239009C91ED /* PlayerMechanics.cpp in Sources */ = {isa = PBXBuildFile; fileRef = 0464E11519818239009C91ED /* PlayerMechanics.cpp */; };
		0464E11A1981D1EF009C91ED /* CityScape.cpp in Sources */ = {isa = PBXBuildFile; fileRef = 0464E1181981D1EF009C91ED /* CityScape.cpp */; };
		0464E11D19820301009C91ED /* Hqx.cpp in Sources */ = {isa = PBXBuildFile; fileRef = 0464E11B19820301009C91ED /* Hqx.cpp */; };
		0487516D197F612400009661 /* Messages.cpp in Sources */ = {isa = PBXBuildFile; fileRef = 0487516B197F612400009661 /* Messages.cpp */; };
		04879A411978374100313BC7 /* Cocoa.framework in Frameworks */ = {isa = PBXBuildFile; fileRef = 04879A401978374100313BC7 /* Cocoa.framework */; };
		04879A771978385800313BC7 /* SDL2_image.framework in Frameworks */ = {isa = PBXBuildFile; fileRef = 04879A751978385800313BC7 /* SDL2_image.framework */; };
		04879A781978385800313BC7 /* SDL2.framework in Frameworks */ = {isa = PBXBuildFile; fileRef = 04879A761978385800313BC7 /* SDL2.framework */; };
		04879A7C1978391F00313BC7 /* SDL2_image.framework in CopyFiles */ = {isa = PBXBuildFile; fileRef = 04879A751978385800313BC7 /* SDL2_image.framework */; };
		04879A7D1978391F00313BC7 /* SDL2.framework in CopyFiles */ = {isa = PBXBuildFile; fileRef = 04879A761978385800313BC7 /* SDL2.framework */; };
		048E08B919829C6D009AED0A /* SkillDraw.cpp in Sources */ = {isa = PBXBuildFile; fileRef = 048E08B719829C6D009AED0A /* SkillDraw.cpp */; };
		048E08BC1982B20A009AED0A /* WorldGenerator.cpp in Sources */ = {isa = PBXBuildFile; fileRef = 048E08BA1982B20A009AED0A /* WorldGenerator.cpp */; };
		04ABF7B31983286E00291B82 /* Viewport.cpp in Sources */ = {isa = PBXBuildFile; fileRef = 04ABF7B11983286E00291B82 /* Viewport.cpp */; };
		04ABF7B619833C1E00291B82 /* UnitDraw.cpp in Sources */ = {isa = PBXBuildFile; fileRef = 04ABF7B419833C1E00291B82 /* UnitDraw.cpp */; };
		04EE458E197C85C000EA0CC0 /* UnitSpec.cpp in Sources */ = {isa = PBXBuildFile; fileRef = 04EE458C197C85C000EA0CC0 /* UnitSpec.cpp */; };
		04EE4591197C92C400EA0CC0 /* GfxData.cpp in Sources */ = {isa = PBXBuildFile; fileRef = 04EE458F197C92C400EA0CC0 /* GfxData.cpp */; };
		04EE4594197C9D7A00EA0CC0 /* Items.cpp in Sources */ = {isa = PBXBuildFile; fileRef = 04EE4592197C9D7A00EA0CC0 /* Items.cpp */; };
		04F00C87197E0CB000293EE0 /* CombatSpells.cpp in Sources */ = {isa = PBXBuildFile; fileRef = 04F00C85197E0CB000293EE0 /* CombatSpells.cpp */; };
/* End PBXBuildFile section */

/* Begin PBXCopyFilesBuildPhase section */
		04879A7B1978391500313BC7 /* CopyFiles */ = {
			isa = PBXCopyFilesBuildPhase;
			buildActionMask = 2147483647;
			dstPath = "";
			dstSubfolderSpec = 10;
			files = (
				04879A7C1978391F00313BC7 /* SDL2_image.framework in CopyFiles */,
				04879A7D1978391F00313BC7 /* SDL2.framework in CopyFiles */,
			);
			runOnlyForDeploymentPostprocessing = 0;
		};
/* End PBXCopyFilesBuildPhase section */

/* Begin PBXFileReference section */
		040375C21979905100A5B5FC /* data */ = {isa = PBXFileReference; lastKnownFileType = folder; path = data; sourceTree = "<group>"; };
		040375C8197990B900A5B5FC /* Common.h */ = {isa = PBXFileReference; fileEncoding = 4; lastKnownFileType = sourcecode.c.h; name = Common.h; path = src/Common.h; sourceTree = SOURCE_ROOT; };
		040375CD197990B900A5B5FC /* Race.cpp */ = {isa = PBXFileReference; fileEncoding = 4; lastKnownFileType = sourcecode.cpp.cpp; name = Race.cpp; path = src/game/players/Race.cpp; sourceTree = SOURCE_ROOT; };
		040375CE197990B900A5B5FC /* Race.h */ = {isa = PBXFileReference; fileEncoding = 4; lastKnownFileType = sourcecode.c.h; name = Race.h; path = src/game/players/Race.h; sourceTree = SOURCE_ROOT; };
		040375D0197990B900A5B5FC /* ColorMap.cpp */ = {isa = PBXFileReference; fileEncoding = 4; lastKnownFileType = sourcecode.cpp.cpp; name = ColorMap.cpp; path = src/gfx/ColorMap.cpp; sourceTree = SOURCE_ROOT; };
		040375D1197990B900A5B5FC /* ColorMap.h */ = {isa = PBXFileReference; fileEncoding = 4; lastKnownFileType = sourcecode.c.h; name = ColorMap.h; path = src/gfx/ColorMap.h; sourceTree = SOURCE_ROOT; };
		040375D2197990B900A5B5FC /* Font.cpp */ = {isa = PBXFileReference; fileEncoding = 4; lastKnownFileType = sourcecode.cpp.cpp; name = Font.cpp; path = src/gfx/Font.cpp; sourceTree = SOURCE_ROOT; };
		040375D3197990B900A5B5FC /* Font.h */ = {isa = PBXFileReference; fileEncoding = 4; lastKnownFileType = sourcecode.c.h; name = Font.h; path = src/gfx/Font.h; sourceTree = SOURCE_ROOT; };
		040375D4197990B900A5B5FC /* Gfx.cpp */ = {isa = PBXFileReference; fileEncoding = 4; lastKnownFileType = sourcecode.cpp.cpp; name = Gfx.cpp; path = src/gfx/Gfx.cpp; sourceTree = SOURCE_ROOT; };
		040375D5197990B900A5B5FC /* Gfx.h */ = {isa = PBXFileReference; fileEncoding = 4; lastKnownFileType = sourcecode.c.h; name = Gfx.h; path = src/gfx/Gfx.h; sourceTree = SOURCE_ROOT; };
		040375D6197990B900A5B5FC /* Texture.cpp */ = {isa = PBXFileReference; fileEncoding = 4; lastKnownFileType = sourcecode.cpp.cpp; name = Texture.cpp; path = src/gfx/Texture.cpp; sourceTree = SOURCE_ROOT; };
		040375D7197990B900A5B5FC /* Texture.h */ = {isa = PBXFileReference; fileEncoding = 4; lastKnownFileType = sourcecode.c.h; name = Texture.h; path = src/gfx/Texture.h; sourceTree = SOURCE_ROOT; };
		040375D9197990B900A5B5FC /* Localization.cpp */ = {isa = PBXFileReference; fileEncoding = 4; lastKnownFileType = sourcecode.cpp.cpp; name = Localization.cpp; path = src/i18n/Localization.cpp; sourceTree = SOURCE_ROOT; };
		040375DA197990B900A5B5FC /* Localization.h */ = {isa = PBXFileReference; fileEncoding = 4; lastKnownFileType = sourcecode.c.h; name = Localization.h; path = src/i18n/Localization.h; sourceTree = SOURCE_ROOT; };
		040375DB197990B900A5B5FC /* main.cpp */ = {isa = PBXFileReference; fileEncoding = 4; lastKnownFileType = sourcecode.cpp.cpp; name = main.cpp; path = src/main.cpp; sourceTree = SOURCE_ROOT; };
		040375E41979EA6700A5B5FC /* Buttons.cpp */ = {isa = PBXFileReference; fileEncoding = 4; lastKnownFileType = sourcecode.cpp.cpp; name = Buttons.cpp; path = src/ui/Buttons.cpp; sourceTree = SOURCE_ROOT; };
		040375E51979EA6700A5B5FC /* Buttons.h */ = {isa = PBXFileReference; fileEncoding = 4; lastKnownFileType = sourcecode.c.h; name = Buttons.h; path = src/ui/Buttons.h; sourceTree = SOURCE_ROOT; };
		040375E7197A775300A5B5FC /* Common.cpp */ = {isa = PBXFileReference; fileEncoding = 4; lastKnownFileType = sourcecode.cpp.cpp; name = Common.cpp; path = src/Common.cpp; sourceTree = SOURCE_ROOT; };
		040375E9197A9ABC00A5B5FC /* Animations.cpp */ = {isa = PBXFileReference; fileEncoding = 4; lastKnownFileType = sourcecode.cpp.cpp; name = Animations.cpp; path = src/ui/Animations.cpp; sourceTree = SOURCE_ROOT; };
		040375EA197A9ABC00A5B5FC /* Animations.h */ = {isa = PBXFileReference; fileEncoding = 4; lastKnownFileType = sourcecode.c.h; name = Animations.h; path = src/ui/Animations.h; sourceTree = SOURCE_ROOT; };
		040375EC197A9DD600A5B5FC /* SDL.cpp */ = {isa = PBXFileReference; fileEncoding = 4; lastKnownFileType = sourcecode.cpp.cpp; name = SDL.cpp; path = src/SDL.cpp; sourceTree = SOURCE_ROOT; };
		040375ED197A9DD600A5B5FC /* SDL.h */ = {isa = PBXFileReference; fileEncoding = 4; lastKnownFileType = sourcecode.c.h; name = SDL.h; path = src/SDL.h; sourceTree = SOURCE_ROOT; };
		040375EF197AAC1800A5B5FC /* EventListener.h */ = {isa = PBXFileReference; lastKnownFileType = sourcecode.c.h; name = EventListener.h; path = src/ui/EventListener.h; sourceTree = SOURCE_ROOT; };
		040375F0197AAF7B00A5B5FC /* View.cpp */ = {isa = PBXFileReference; fileEncoding = 4; lastKnownFileType = sourcecode.cpp.cpp; name = View.cpp; path = src/ui/View.cpp; sourceTree = SOURCE_ROOT; };
		040375F1197AAF7B00A5B5FC /* View.h */ = {isa = PBXFileReference; fileEncoding = 4; lastKnownFileType = sourcecode.c.h; name = View.h; path = src/ui/View.h; sourceTree = SOURCE_ROOT; };
		040375F3197AB04100A5B5FC /* Player.cpp */ = {isa = PBXFileReference; fileEncoding = 4; lastKnownFileType = sourcecode.cpp.cpp; name = Player.cpp; path = src/game/players/Player.cpp; sourceTree = SOURCE_ROOT; };
		040375F4197AB04100A5B5FC /* Player.h */ = {isa = PBXFileReference; fileEncoding = 4; lastKnownFileType = sourcecode.c.h; name = Player.h; path = src/game/players/Player.h; sourceTree = SOURCE_ROOT; };
		040375F6197AB04700A5B5FC /* LocalPlayer.cpp */ = {isa = PBXFileReference; fileEncoding = 4; lastKnownFileType = sourcecode.cpp.cpp; name = LocalPlayer.cpp; path = src/game/players/LocalPlayer.cpp; sourceTree = SOURCE_ROOT; };
		040375F7197AB04700A5B5FC /* LocalPlayer.h */ = {isa = PBXFileReference; fileEncoding = 4; lastKnownFileType = sourcecode.c.h; name = LocalPlayer.h; path = src/game/players/LocalPlayer.h; sourceTree = SOURCE_ROOT; };
		040375F9197AB09000A5B5FC /* Game.cpp */ = {isa = PBXFileReference; fileEncoding = 4; lastKnownFileType = sourcecode.cpp.cpp; name = Game.cpp; path = src/game/Game.cpp; sourceTree = SOURCE_ROOT; };
		040375FA197AB09000A5B5FC /* Game.h */ = {isa = PBXFileReference; fileEncoding = 4; lastKnownFileType = sourcecode.c.h; name = Game.h; path = src/game/Game.h; sourceTree = SOURCE_ROOT; };
		040375FC197ABA9100A5B5FC /* ViewManager.cpp */ = {isa = PBXFileReference; fileEncoding = 4; lastKnownFileType = sourcecode.cpp.cpp; name = ViewManager.cpp; path = src/ui/ViewManager.cpp; sourceTree = SOURCE_ROOT; };
		040375FD197ABA9100A5B5FC /* ViewManager.h */ = {isa = PBXFileReference; fileEncoding = 4; lastKnownFileType = sourcecode.c.h; name = ViewManager.h; path = src/ui/ViewManager.h; sourceTree = SOURCE_ROOT; };
		04037601197AC90900A5B5FC /* Places.cpp */ = {isa = PBXFileReference; fileEncoding = 4; lastKnownFileType = sourcecode.cpp.cpp; name = Places.cpp; path = src/game/world/Places.cpp; sourceTree = SOURCE_ROOT; };
		04037602197AC90900A5B5FC /* Places.h */ = {isa = PBXFileReference; fileEncoding = 4; lastKnownFileType = sourcecode.c.h; name = Places.h; path = src/game/world/Places.h; sourceTree = SOURCE_ROOT; };
		04037604197AC92200A5B5FC /* Army.cpp */ = {isa = PBXFileReference; fileEncoding = 4; lastKnownFileType = sourcecode.cpp.cpp; name = Army.cpp; path = src/game/units/Army.cpp; sourceTree = SOURCE_ROOT; };
		04037605197AC92200A5B5FC /* Army.h */ = {isa = PBXFileReference; fileEncoding = 4; lastKnownFileType = sourcecode.c.h; name = Army.h; path = src/game/units/Army.h; sourceTree = SOURCE_ROOT; };
		04037608197AD00800A5B5FC /* Buildings.cpp */ = {isa = PBXFileReference; fileEncoding = 4; lastKnownFileType = sourcecode.cpp.cpp; name = Buildings.cpp; path = src/game/cities/Buildings.cpp; sourceTree = SOURCE_ROOT; };
		04037609197AD00800A5B5FC /* Buildings.h */ = {isa = PBXFileReference; fileEncoding = 4; lastKnownFileType = sourcecode.c.h; name = Buildings.h; path = src/game/cities/Buildings.h; sourceTree = SOURCE_ROOT; };
		0403760B197AE16100A5B5FC /* Level.cpp */ = {isa = PBXFileReference; fileEncoding = 4; lastKnownFileType = sourcecode.cpp.cpp; name = Level.cpp; path = src/game/units/Level.cpp; sourceTree = SOURCE_ROOT; };
		0403760C197AE16100A5B5FC /* Level.h */ = {isa = PBXFileReference; fileEncoding = 4; lastKnownFileType = sourcecode.c.h; name = Level.h; path = src/game/units/Level.h; sourceTree = SOURCE_ROOT; };
		0403760F197AE1FF00A5B5FC /* Spells.cpp */ = {isa = PBXFileReference; fileEncoding = 4; lastKnownFileType = sourcecode.cpp.cpp; name = Spells.cpp; path = src/game/spells/Spells.cpp; sourceTree = SOURCE_ROOT; };
		04037610197AE1FF00A5B5FC /* Spells.h */ = {isa = PBXFileReference; fileEncoding = 4; lastKnownFileType = sourcecode.c.h; name = Spells.h; path = src/game/spells/Spells.h; sourceTree = SOURCE_ROOT; };
		04037612197AF3D400A5B5FC /* Settings.h */ = {isa = PBXFileReference; lastKnownFileType = sourcecode.c.h; name = Settings.h; path = src/game/Settings.h; sourceTree = SOURCE_ROOT; };
		04037613197AF68700A5B5FC /* Settings.cpp */ = {isa = PBXFileReference; fileEncoding = 4; lastKnownFileType = sourcecode.cpp.cpp; name = Settings.cpp; path = src/game/Settings.cpp; sourceTree = SOURCE_ROOT; };
		04037616197AF93600A5B5FC /* NewGameView.cpp */ = {isa = PBXFileReference; fileEncoding = 4; lastKnownFileType = sourcecode.cpp.cpp; name = NewGameView.cpp; path = src/ui/views/NewGameView.cpp; sourceTree = SOURCE_ROOT; };
		04037617197AF93600A5B5FC /* NewGameView.h */ = {isa = PBXFileReference; fileEncoding = 4; lastKnownFileType = sourcecode.c.h; name = NewGameView.h; path = src/ui/views/NewGameView.h; sourceTree = SOURCE_ROOT; };
		04037619197B46DA00A5B5FC /* City.cpp */ = {isa = PBXFileReference; fileEncoding = 4; lastKnownFileType = sourcecode.cpp.cpp; name = City.cpp; path = src/game/cities/City.cpp; sourceTree = SOURCE_ROOT; };
		0403761A197B46DA00A5B5FC /* City.h */ = {isa = PBXFileReference; fileEncoding = 4; lastKnownFileType = sourcecode.c.h; name = City.h; path = src/game/cities/City.h; sourceTree = SOURCE_ROOT; };
		0403761C197B52F800A5B5FC /* Unit.cpp */ = {isa = PBXFileReference; fileEncoding = 4; lastKnownFileType = sourcecode.cpp.cpp; name = Unit.cpp; path = src/game/units/Unit.cpp; sourceTree = SOURCE_ROOT; };
		0403761D197B52F800A5B5FC /* Unit.h */ = {isa = PBXFileReference; fileEncoding = 4; lastKnownFileType = sourcecode.c.h; name = Unit.h; path = src/game/units/Unit.h; sourceTree = SOURCE_ROOT; };
		0403761F197B539400A5B5FC /* Tile.cpp */ = {isa = PBXFileReference; fileEncoding = 4; lastKnownFileType = sourcecode.cpp.cpp; name = Tile.cpp; path = src/game/world/Tile.cpp; sourceTree = SOURCE_ROOT; };
		04037620197B539400A5B5FC /* Tile.h */ = {isa = PBXFileReference; fileEncoding = 4; lastKnownFileType = sourcecode.c.h; name = Tile.h; path = src/game/world/Tile.h; sourceTree = SOURCE_ROOT; };
		04037622197B550F00A5B5FC /* Util.cpp */ = {isa = PBXFileReference; fileEncoding = 4; lastKnownFileType = sourcecode.cpp.cpp; name = Util.cpp; path = src/game/world/Util.cpp; sourceTree = SOURCE_ROOT; };
		04037623197B550F00A5B5FC /* Util.h */ = {isa = PBXFileReference; fileEncoding = 4; lastKnownFileType = sourcecode.c.h; name = Util.h; path = src/game/world/Util.h; sourceTree = SOURCE_ROOT; };
		04037625197B58C900A5B5FC /* World.cpp */ = {isa = PBXFileReference; fileEncoding = 4; lastKnownFileType = sourcecode.cpp.cpp; name = World.cpp; path = src/game/world/World.cpp; sourceTree = SOURCE_ROOT; };
		04037626197B58C900A5B5FC /* World.h */ = {isa = PBXFileReference; fileEncoding = 4; lastKnownFileType = sourcecode.c.h; name = World.h; path = src/game/world/World.h; sourceTree = SOURCE_ROOT; };
		0420538B197DA9D700B4C2CA /* SkillSet.cpp */ = {isa = PBXFileReference; fileEncoding = 4; lastKnownFileType = sourcecode.cpp.cpp; name = SkillSet.cpp; path = src/game/spells/SkillSet.cpp; sourceTree = SOURCE_ROOT; };
		0420538C197DA9D700B4C2CA /* SkillSet.h */ = {isa = PBXFileReference; fileEncoding = 4; lastKnownFileType = sourcecode.c.h; name = SkillSet.h; path = src/game/spells/SkillSet.h; sourceTree = SOURCE_ROOT; };
		0420538E197DA9E900B4C2CA /* Effects.cpp */ = {isa = PBXFileReference; fileEncoding = 4; lastKnownFileType = sourcecode.cpp.cpp; name = Effects.cpp; path = src/game/skills/Effects.cpp; sourceTree = SOURCE_ROOT; };
		0420538F197DA9E900B4C2CA /* Effects.h */ = {isa = PBXFileReference; fileEncoding = 4; lastKnownFileType = sourcecode.c.h; name = Effects.h; path = src/game/skills/Effects.h; sourceTree = SOURCE_ROOT; };
		04205390197DA9E900B4C2CA /* Skill.cpp */ = {isa = PBXFileReference; fileEncoding = 4; lastKnownFileType = sourcecode.cpp.cpp; name = Skill.cpp; path = src/game/skills/Skill.cpp; sourceTree = SOURCE_ROOT; };
		04205391197DA9E900B4C2CA /* Skill.h */ = {isa = PBXFileReference; fileEncoding = 4; lastKnownFileType = sourcecode.c.h; name = Skill.h; path = src/game/skills/Skill.h; sourceTree = SOURCE_ROOT; };
		04205394197DAA3C00B4C2CA /* Pathfind.cpp */ = {isa = PBXFileReference; fileEncoding = 4; lastKnownFileType = sourcecode.cpp.cpp; name = Pathfind.cpp; path = src/game/world/Pathfind.cpp; sourceTree = SOURCE_ROOT; };
		04205395197DAA3C00B4C2CA /* Pathfind.h */ = {isa = PBXFileReference; fileEncoding = 4; lastKnownFileType = sourcecode.c.h; name = Pathfind.h; path = src/game/world/Pathfind.h; sourceTree = SOURCE_ROOT; };
		04205399197DCDB300B4C2CA /* MapMechanics.cpp */ = {isa = PBXFileReference; fileEncoding = 4; lastKnownFileType = sourcecode.cpp.cpp; name = MapMechanics.cpp; path = src/game/mechanics/MapMechanics.cpp; sourceTree = SOURCE_ROOT; };
		0420539A197DCDB300B4C2CA /* MapMechanics.h */ = {isa = PBXFileReference; fileEncoding = 4; lastKnownFileType = sourcecode.c.h; name = MapMechanics.h; path = src/game/mechanics/MapMechanics.h; sourceTree = SOURCE_ROOT; };
		04243F29197ED3F500E8A716 /* Combat.cpp */ = {isa = PBXFileReference; fileEncoding = 4; lastKnownFileType = sourcecode.cpp.cpp; name = Combat.cpp; path = src/game/combat/Combat.cpp; sourceTree = SOURCE_ROOT; };
		04243F2A197ED3F500E8A716 /* Combat.h */ = {isa = PBXFileReference; fileEncoding = 4; lastKnownFileType = sourcecode.c.h; name = Combat.h; path = src/game/combat/Combat.h; sourceTree = SOURCE_ROOT; };
		04243F2C197EE9E700E8A716 /* SpellBook.cpp */ = {isa = PBXFileReference; fileEncoding = 4; lastKnownFileType = sourcecode.cpp.cpp; name = SpellBook.cpp; path = src/game/spells/SpellBook.cpp; sourceTree = SOURCE_ROOT; };
		04243F2D197EE9E700E8A716 /* SpellBook.h */ = {isa = PBXFileReference; fileEncoding = 4; lastKnownFileType = sourcecode.c.h; name = SpellBook.h; path = src/game/spells/SpellBook.h; sourceTree = SOURCE_ROOT; };
		0442470D1980A04800A8D7CC /* SpellMechanics.cpp */ = {isa = PBXFileReference; fileEncoding = 4; lastKnownFileType = sourcecode.cpp.cpp; name = SpellMechanics.cpp; path = src/game/mechanics/SpellMechanics.cpp; sourceTree = SOURCE_ROOT; };
		0442470E1980A04800A8D7CC /* SpellMechanics.h */ = {isa = PBXFileReference; fileEncoding = 4; lastKnownFileType = sourcecode.c.h; name = SpellMechanics.h; path = src/game/mechanics/SpellMechanics.h; sourceTree = SOURCE_ROOT; };
		044247101980B97900A8D7CC /* EventMechanics.cpp */ = {isa = PBXFileReference; fileEncoding = 4; lastKnownFileType = sourcecode.cpp.cpp; name = EventMechanics.cpp; path = src/game/mechanics/EventMechanics.cpp; sourceTree = SOURCE_ROOT; };
		044247111980B97900A8D7CC /* EventMechanics.h */ = {isa = PBXFileReference; fileEncoding = 4; lastKnownFileType = sourcecode.c.h; name = EventMechanics.h; path = src/game/mechanics/EventMechanics.h; sourceTree = SOURCE_ROOT; };
		044E466B1980202D00E396AD /* MiniMap.cpp */ = {isa = PBXFileReference; fileEncoding = 4; lastKnownFileType = sourcecode.cpp.cpp; name = MiniMap.cpp; path = src/ui/parts/MiniMap.cpp; sourceTree = SOURCE_ROOT; };
		044E466C1980202D00E396AD /* MiniMap.h */ = {isa = PBXFileReference; fileEncoding = 4; lastKnownFileType = sourcecode.c.h; name = MiniMap.h; path = src/ui/parts/MiniMap.h; sourceTree = SOURCE_ROOT; };
		0464E11219813E1A009C91ED /* CityMechanics.cpp */ = {isa = PBXFileReference; fileEncoding = 4; lastKnownFileType = sourcecode.cpp.cpp; name = CityMechanics.cpp; path = src/game/mechanics/CityMechanics.cpp; sourceTree = SOURCE_ROOT; };
		0464E11319813E1A009C91ED /* CityMechanics.h */ = {isa = PBXFileReference; fileEncoding = 4; lastKnownFileType = sourcecode.c.h; name = CityMechanics.h; path = src/game/mechanics/CityMechanics.h; sourceTree = SOURCE_ROOT; };
		0464E11519818239009C91ED /* PlayerMechanics.cpp */ = {isa = PBXFileReference; fileEncoding = 4; lastKnownFileType = sourcecode.cpp.cpp; name = PlayerMechanics.cpp; path = src/game/mechanics/PlayerMechanics.cpp; sourceTree = SOURCE_ROOT; };
		0464E11619818239009C91ED /* PlayerMechanics.h */ = {isa = PBXFileReference; fileEncoding = 4; lastKnownFileType = sourcecode.c.h; name = PlayerMechanics.h; path = src/game/mechanics/PlayerMechanics.h; sourceTree = SOURCE_ROOT; };
		0464E1181981D1EF009C91ED /* CityScape.cpp */ = {isa = PBXFileReference; fileEncoding = 4; lastKnownFileType = sourcecode.cpp.cpp; name = CityScape.cpp; path = src/ui/parts/CityScape.cpp; sourceTree = SOURCE_ROOT; };
		0464E1191981D1EF009C91ED /* CityScape.h */ = {isa = PBXFileReference; fileEncoding = 4; lastKnownFileType = sourcecode.c.h; name = CityScape.h; path = src/ui/parts/CityScape.h; sourceTree = SOURCE_ROOT; };
		0464E11B19820301009C91ED /* Hqx.cpp */ = {isa = PBXFileReference; fileEncoding = 4; lastKnownFileType = sourcecode.cpp.cpp; name = Hqx.cpp; path = src/gfx/Hqx.cpp; sourceTree = SOURCE_ROOT; };
		0464E11C19820301009C91ED /* Hqx.h */ = {isa = PBXFileReference; fileEncoding = 4; lastKnownFileType = sourcecode.c.h; name = Hqx.h; path = src/gfx/Hqx.h; sourceTree = SOURCE_ROOT; };
		0487516B197F612400009661 /* Messages.cpp */ = {isa = PBXFileReference; fileEncoding = 4; lastKnownFileType = sourcecode.cpp.cpp; name = Messages.cpp; path = src/game/players/Messages.cpp; sourceTree = SOURCE_ROOT; };
		0487516C197F612400009661 /* Messages.h */ = {isa = PBXFileReference; fileEncoding = 4; lastKnownFileType = sourcecode.c.h; name = Messages.h; path = src/game/players/Messages.h; sourceTree = SOURCE_ROOT; };
		04879A3D1978374100313BC7 /* OpenMoM.app */ = {isa = PBXFileReference; explicitFileType = wrapper.application; includeInIndex = 0; path = OpenMoM.app; sourceTree = BUILT_PRODUCTS_DIR; };
		04879A401978374100313BC7 /* Cocoa.framework */ = {isa = PBXFileReference; lastKnownFileType = wrapper.framework; name = Cocoa.framework; path = System/Library/Frameworks/Cocoa.framework; sourceTree = SDKROOT; };
		04879A431978374100313BC7 /* AppKit.framework */ = {isa = PBXFileReference; lastKnownFileType = wrapper.framework; name = AppKit.framework; path = System/Library/Frameworks/AppKit.framework; sourceTree = SDKROOT; };
		04879A441978374100313BC7 /* CoreData.framework */ = {isa = PBXFileReference; lastKnownFileType = wrapper.framework; name = CoreData.framework; path = System/Library/Frameworks/CoreData.framework; sourceTree = SDKROOT; };
		04879A451978374100313BC7 /* Foundation.framework */ = {isa = PBXFileReference; lastKnownFileType = wrapper.framework; name = Foundation.framework; path = System/Library/Frameworks/Foundation.framework; sourceTree = SDKROOT; };
		04879A481978374100313BC7 /* OpenMoM-Info.plist */ = {isa = PBXFileReference; lastKnownFileType = text.plist.xml; name = "OpenMoM-Info.plist"; path = "misc/OpenMoM-Info.plist"; sourceTree = SOURCE_ROOT; };
		04879A581978374100313BC7 /* Images.xcassets */ = {isa = PBXFileReference; lastKnownFileType = folder.assetcatalog; name = Images.xcassets; path = misc/Images.xcassets; sourceTree = SOURCE_ROOT; };
		04879A751978385800313BC7 /* SDL2_image.framework */ = {isa = PBXFileReference; lastKnownFileType = wrapper.framework; name = SDL2_image.framework; path = libs/SDL2_image.framework; sourceTree = SOURCE_ROOT; };
		04879A761978385800313BC7 /* SDL2.framework */ = {isa = PBXFileReference; lastKnownFileType = wrapper.framework; name = SDL2.framework; path = libs/SDL2.framework; sourceTree = SOURCE_ROOT; };
		04879A7F197839CB00313BC7 /* en */ = {isa = PBXFileReference; lastKnownFileType = text.rtf; name = en; path = misc/en.lproj/Credits.rtf; sourceTree = SOURCE_ROOT; };
		04879A81197839CB00313BC7 /* en */ = {isa = PBXFileReference; lastKnownFileType = text.plist.strings; name = en; path = misc/en.lproj/InfoPlist.strings; sourceTree = SOURCE_ROOT; };
		048E08B719829C6D009AED0A /* SkillDraw.cpp */ = {isa = PBXFileReference; fileEncoding = 4; lastKnownFileType = sourcecode.cpp.cpp; name = SkillDraw.cpp; path = src/ui/parts/SkillDraw.cpp; sourceTree = SOURCE_ROOT; };
		048E08B819829C6D009AED0A /* SkillDraw.h */ = {isa = PBXFileReference; fileEncoding = 4; lastKnownFileType = sourcecode.c.h; name = SkillDraw.h; path = src/ui/parts/SkillDraw.h; sourceTree = SOURCE_ROOT; };
		048E08BA1982B20A009AED0A /* WorldGenerator.cpp */ = {isa = PBXFileReference; fileEncoding = 4; lastKnownFileType = sourcecode.cpp.cpp; name = WorldGenerator.cpp; path = src/game/world/WorldGenerator.cpp; sourceTree = SOURCE_ROOT; };
		048E08BB1982B20A009AED0A /* WorldGenerator.h */ = {isa = PBXFileReference; fileEncoding = 4; lastKnownFileType = sourcecode.c.h; path = WorldGenerator.h; sourceTree = "<group>"; };
		04ABF7B11983286E00291B82 /* Viewport.cpp */ = {isa = PBXFileReference; fileEncoding = 4; lastKnownFileType = sourcecode.cpp.cpp; name = Viewport.cpp; path = src/ui/parts/Viewport.cpp; sourceTree = SOURCE_ROOT; };
		04ABF7B21983286E00291B82 /* Viewport.h */ = {isa = PBXFileReference; fileEncoding = 4; lastKnownFileType = sourcecode.c.h; name = Viewport.h; path = src/ui/parts/Viewport.h; sourceTree = SOURCE_ROOT; };
		04ABF7B419833C1E00291B82 /* UnitDraw.cpp */ = {isa = PBXFileReference; fileEncoding = 4; lastKnownFileType = sourcecode.cpp.cpp; name = UnitDraw.cpp; path = src/ui/parts/UnitDraw.cpp; sourceTree = SOURCE_ROOT; };
		04ABF7B519833C1E00291B82 /* UnitDraw.h */ = {isa = PBXFileReference; fileEncoding = 4; lastKnownFileType = sourcecode.c.h; name = UnitDraw.h; path = src/ui/parts/UnitDraw.h; sourceTree = SOURCE_ROOT; };
		04EE458C197C85C000EA0CC0 /* UnitSpec.cpp */ = {isa = PBXFileReference; fileEncoding = 4; lastKnownFileType = sourcecode.cpp.cpp; name = UnitSpec.cpp; path = src/game/units/UnitSpec.cpp; sourceTree = SOURCE_ROOT; };
		04EE458D197C85C000EA0CC0 /* UnitSpec.h */ = {isa = PBXFileReference; fileEncoding = 4; lastKnownFileType = sourcecode.c.h; name = UnitSpec.h; path = src/game/units/UnitSpec.h; sourceTree = SOURCE_ROOT; };
		04EE458F197C92C400EA0CC0 /* GfxData.cpp */ = {isa = PBXFileReference; fileEncoding = 4; lastKnownFileType = sourcecode.cpp.cpp; name = GfxData.cpp; path = src/ui/GfxData.cpp; sourceTree = SOURCE_ROOT; };
		04EE4590197C92C400EA0CC0 /* GfxData.h */ = {isa = PBXFileReference; fileEncoding = 4; lastKnownFileType = sourcecode.c.h; name = GfxData.h; path = src/ui/GfxData.h; sourceTree = SOURCE_ROOT; };
		04EE4592197C9D7A00EA0CC0 /* Items.cpp */ = {isa = PBXFileReference; fileEncoding = 4; lastKnownFileType = sourcecode.cpp.cpp; name = Items.cpp; path = src/game/units/Items.cpp; sourceTree = SOURCE_ROOT; };
		04EE4593197C9D7A00EA0CC0 /* Items.h */ = {isa = PBXFileReference; fileEncoding = 4; lastKnownFileType = sourcecode.c.h; name = Items.h; path = src/game/units/Items.h; sourceTree = SOURCE_ROOT; };
		04F00C85197E0CB000293EE0 /* CombatSpells.cpp */ = {isa = PBXFileReference; fileEncoding = 4; lastKnownFileType = sourcecode.cpp.cpp; name = CombatSpells.cpp; path = src/game/spells/CombatSpells.cpp; sourceTree = SOURCE_ROOT; };
		04F00C86197E0CB000293EE0 /* CombatSpells.h */ = {isa = PBXFileReference; fileEncoding = 4; lastKnownFileType = sourcecode.c.h; name = CombatSpells.h; path = src/game/spells/CombatSpells.h; sourceTree = SOURCE_ROOT; };
/* End PBXFileReference section */

/* Begin PBXFrameworksBuildPhase section */
		04879A3A1978374100313BC7 /* Frameworks */ = {
			isa = PBXFrameworksBuildPhase;
			buildActionMask = 2147483647;
			files = (
				04879A781978385800313BC7 /* SDL2.framework in Frameworks */,
				04879A411978374100313BC7 /* Cocoa.framework in Frameworks */,
				04879A771978385800313BC7 /* SDL2_image.framework in Frameworks */,
			);
			runOnlyForDeploymentPostprocessing = 0;
		};
/* End PBXFrameworksBuildPhase section */

/* Begin PBXGroup section */
		040375C7197990B900A5B5FC /* src */ = {
			isa = PBXGroup;
			children = (
				040375C9197990B900A5B5FC /* game */,
				040375CF197990B900A5B5FC /* gfx */,
				040375E31979E82900A5B5FC /* ui */,
				040375D8197990B900A5B5FC /* i18n */,
				040375E7197A775300A5B5FC /* Common.cpp */,
				040375C8197990B900A5B5FC /* Common.h */,
				040375EC197A9DD600A5B5FC /* SDL.cpp */,
				040375ED197A9DD600A5B5FC /* SDL.h */,
				040375DB197990B900A5B5FC /* main.cpp */,
			);
			path = src;
			sourceTree = "<group>";
		};
		040375C9197990B900A5B5FC /* game */ = {
			isa = PBXGroup;
			children = (
				040375CA197990B900A5B5FC /* common */,
				04205398197DCDA800B4C2CA /* mechanics */,
				040375CC197990B900A5B5FC /* players */,
				04037607197ACFD300A5B5FC /* cities */,
				04037600197AC8CE00A5B5FC /* units */,
				0420538A197DA9B900B4C2CA /* skills */,
				0403760E197AE1F400A5B5FC /* spells */,
				04243F28197ED3E800E8A716 /* combat */,
				040375FF197AC2E100A5B5FC /* world */,
				040375F9197AB09000A5B5FC /* Game.cpp */,
				040375FA197AB09000A5B5FC /* Game.h */,
				04037613197AF68700A5B5FC /* Settings.cpp */,
				04037612197AF3D400A5B5FC /* Settings.h */,
			);
			path = game;
			sourceTree = "<group>";
		};
		040375CA197990B900A5B5FC /* common */ = {
			isa = PBXGroup;
			children = (
				04037622197B550F00A5B5FC /* Util.cpp */,
				04037623197B550F00A5B5FC /* Util.h */,
			);
			path = common;
			sourceTree = "<group>";
		};
		040375CC197990B900A5B5FC /* players */ = {
			isa = PBXGroup;
			children = (
				040375CD197990B900A5B5FC /* Race.cpp */,
				040375CE197990B900A5B5FC /* Race.h */,
				040375F3197AB04100A5B5FC /* Player.cpp */,
				040375F4197AB04100A5B5FC /* Player.h */,
				040375F6197AB04700A5B5FC /* LocalPlayer.cpp */,
				040375F7197AB04700A5B5FC /* LocalPlayer.h */,
				0487516B197F612400009661 /* Messages.cpp */,
				0487516C197F612400009661 /* Messages.h */,
			);
			name = players;
			path = src/game/players;
			sourceTree = SOURCE_ROOT;
		};
		040375CF197990B900A5B5FC /* gfx */ = {
			isa = PBXGroup;
			children = (
				040375D0197990B900A5B5FC /* ColorMap.cpp */,
				040375D1197990B900A5B5FC /* ColorMap.h */,
				040375D2197990B900A5B5FC /* Font.cpp */,
				040375D3197990B900A5B5FC /* Font.h */,
				040375D4197990B900A5B5FC /* Gfx.cpp */,
				040375D5197990B900A5B5FC /* Gfx.h */,
				040375D6197990B900A5B5FC /* Texture.cpp */,
				040375D7197990B900A5B5FC /* Texture.h */,
				0464E11B19820301009C91ED /* Hqx.cpp */,
				0464E11C19820301009C91ED /* Hqx.h */,
			);
			name = gfx;
			path = src/gfx;
			sourceTree = SOURCE_ROOT;
		};
		040375D8197990B900A5B5FC /* i18n */ = {
			isa = PBXGroup;
			children = (
				040375D9197990B900A5B5FC /* Localization.cpp */,
				040375DA197990B900A5B5FC /* Localization.h */,
			);
			name = i18n;
			path = src/i18n;
			sourceTree = SOURCE_ROOT;
		};
		040375E31979E82900A5B5FC /* ui */ = {
			isa = PBXGroup;
			children = (
				044E466A1980202300E396AD /* parts */,
				04037615197AF92C00A5B5FC /* views */,
				040375EF197AAC1800A5B5FC /* EventListener.h */,
				040375F0197AAF7B00A5B5FC /* View.cpp */,
				040375F1197AAF7B00A5B5FC /* View.h */,
				040375FC197ABA9100A5B5FC /* ViewManager.cpp */,
				04EE458F197C92C400EA0CC0 /* GfxData.cpp */,
				04EE4590197C92C400EA0CC0 /* GfxData.h */,
				040375FD197ABA9100A5B5FC /* ViewManager.h */,
				040375E41979EA6700A5B5FC /* Buttons.cpp */,
				040375E51979EA6700A5B5FC /* Buttons.h */,
				040375E9197A9ABC00A5B5FC /* Animations.cpp */,
				040375EA197A9ABC00A5B5FC /* Animations.h */,
			);
			name = ui;
			path = src/ui;
			sourceTree = SOURCE_ROOT;
		};
		040375FF197AC2E100A5B5FC /* world */ = {
			isa = PBXGroup;
			children = (
				04037601197AC90900A5B5FC /* Places.cpp */,
				04037602197AC90900A5B5FC /* Places.h */,
				0403761F197B539400A5B5FC /* Tile.cpp */,
				04037620197B539400A5B5FC /* Tile.h */,
				04037625197B58C900A5B5FC /* World.cpp */,
				04037626197B58C900A5B5FC /* World.h */,
				04205394197DAA3C00B4C2CA /* Pathfind.cpp */,
				04205395197DAA3C00B4C2CA /* Pathfind.h */,
				048E08BA1982B20A009AED0A /* WorldGenerator.cpp */,
				048E08BB1982B20A009AED0A /* WorldGenerator.h */,
			);
			name = world;
			path = src/game/world;
			sourceTree = SOURCE_ROOT;
		};
		04037600197AC8CE00A5B5FC /* units */ = {
			isa = PBXGroup;
			children = (
				0403761C197B52F800A5B5FC /* Unit.cpp */,
				0403761D197B52F800A5B5FC /* Unit.h */,
				04EE458C197C85C000EA0CC0 /* UnitSpec.cpp */,
				04EE458D197C85C000EA0CC0 /* UnitSpec.h */,
				04037604197AC92200A5B5FC /* Army.cpp */,
				04037605197AC92200A5B5FC /* Army.h */,
				0403760B197AE16100A5B5FC /* Level.cpp */,
				0403760C197AE16100A5B5FC /* Level.h */,
				04EE4592197C9D7A00EA0CC0 /* Items.cpp */,
				04EE4593197C9D7A00EA0CC0 /* Items.h */,
			);
			name = units;
			path = src/game/units;
			sourceTree = SOURCE_ROOT;
		};
		04037607197ACFD300A5B5FC /* cities */ = {
			isa = PBXGroup;
			children = (
				04037608197AD00800A5B5FC /* Buildings.cpp */,
				04037609197AD00800A5B5FC /* Buildings.h */,
				04037619197B46DA00A5B5FC /* City.cpp */,
				0403761A197B46DA00A5B5FC /* City.h */,
			);
			name = cities;
			path = src/game/cities;
			sourceTree = SOURCE_ROOT;
		};
		0403760E197AE1F400A5B5FC /* spells */ = {
			isa = PBXGroup;
			children = (
				0403760F197AE1FF00A5B5FC /* Spells.cpp */,
				04037610197AE1FF00A5B5FC /* Spells.h */,
				04243F2C197EE9E700E8A716 /* SpellBook.cpp */,
				04243F2D197EE9E700E8A716 /* SpellBook.h */,
				04F00C85197E0CB000293EE0 /* CombatSpells.cpp */,
				04F00C86197E0CB000293EE0 /* CombatSpells.h */,
			);
			name = spells;
			path = src/game/spells;
			sourceTree = SOURCE_ROOT;
		};
		04037615197AF92C00A5B5FC /* views */ = {
			isa = PBXGroup;
			children = (
				04037616197AF93600A5B5FC /* NewGameView.cpp */,
				04037617197AF93600A5B5FC /* NewGameView.h */,
			);
			name = views;
			path = src/ui/views;
			sourceTree = SOURCE_ROOT;
		};
		0420538A197DA9B900B4C2CA /* skills */ = {
			isa = PBXGroup;
			children = (
				0420538E197DA9E900B4C2CA /* Effects.cpp */,
				0420538F197DA9E900B4C2CA /* Effects.h */,
				04205390197DA9E900B4C2CA /* Skill.cpp */,
				04205391197DA9E900B4C2CA /* Skill.h */,
				0420538B197DA9D700B4C2CA /* SkillSet.cpp */,
				0420538C197DA9D700B4C2CA /* SkillSet.h */,
			);
			name = skills;
			path = src/game/skills;
			sourceTree = SOURCE_ROOT;
		};
		04205398197DCDA800B4C2CA /* mechanics */ = {
			isa = PBXGroup;
			children = (
				0442470D1980A04800A8D7CC /* SpellMechanics.cpp */,
				0442470E1980A04800A8D7CC /* SpellMechanics.h */,
				04205399197DCDB300B4C2CA /* MapMechanics.cpp */,
				0420539A197DCDB300B4C2CA /* MapMechanics.h */,
				044247101980B97900A8D7CC /* EventMechanics.cpp */,
				044247111980B97900A8D7CC /* EventMechanics.h */,
				0464E11219813E1A009C91ED /* CityMechanics.cpp */,
				0464E11319813E1A009C91ED /* CityMechanics.h */,
				0464E11519818239009C91ED /* PlayerMechanics.cpp */,
				0464E11619818239009C91ED /* PlayerMechanics.h */,
			);
			name = mechanics;
			path = src/game/mechanics;
			sourceTree = SOURCE_ROOT;
		};
		04243F28197ED3E800E8A716 /* combat */ = {
			isa = PBXGroup;
			children = (
				04243F29197ED3F500E8A716 /* Combat.cpp */,
				04243F2A197ED3F500E8A716 /* Combat.h */,
			);
			name = combat;
			path = src/game/combat;
			sourceTree = SOURCE_ROOT;
		};
		044E466A1980202300E396AD /* parts */ = {
			isa = PBXGroup;
			children = (
				044E466B1980202D00E396AD /* MiniMap.cpp */,
				044E466C1980202D00E396AD /* MiniMap.h */,
				0464E1181981D1EF009C91ED /* CityScape.cpp */,
				0464E1191981D1EF009C91ED /* CityScape.h */,
				048E08B719829C6D009AED0A /* SkillDraw.cpp */,
				048E08B819829C6D009AED0A /* SkillDraw.h */,
				04ABF7B11983286E00291B82 /* Viewport.cpp */,
				04ABF7B21983286E00291B82 /* Viewport.h */,
				04ABF7B419833C1E00291B82 /* UnitDraw.cpp */,
				04ABF7B519833C1E00291B82 /* UnitDraw.h */,
			);
			path = parts;
			sourceTree = "<group>";
		};
		04879A341978374100313BC7 = {
			isa = PBXGroup;
			children = (
				040375C7197990B900A5B5FC /* src */,
				040375C21979905100A5B5FC /* data */,
				04879A471978374100313BC7 /* Supporting Files */,
				04879A3F1978374100313BC7 /* Frameworks */,
				04879A3E1978374100313BC7 /* Products */,
			);
			sourceTree = "<group>";
		};
		04879A3E1978374100313BC7 /* Products */ = {
			isa = PBXGroup;
			children = (
				04879A3D1978374100313BC7 /* OpenMoM.app */,
			);
			name = Products;
			sourceTree = "<group>";
		};
		04879A3F1978374100313BC7 /* Frameworks */ = {
			isa = PBXGroup;
			children = (
				04879A751978385800313BC7 /* SDL2_image.framework */,
				04879A761978385800313BC7 /* SDL2.framework */,
				04879A401978374100313BC7 /* Cocoa.framework */,
				04879A421978374100313BC7 /* Other Frameworks */,
			);
			name = Frameworks;
			sourceTree = "<group>";
		};
		04879A421978374100313BC7 /* Other Frameworks */ = {
			isa = PBXGroup;
			children = (
				04879A431978374100313BC7 /* AppKit.framework */,
				04879A441978374100313BC7 /* CoreData.framework */,
				04879A451978374100313BC7 /* Foundation.framework */,
			);
			name = "Other Frameworks";
			sourceTree = "<group>";
		};
		04879A471978374100313BC7 /* Supporting Files */ = {
			isa = PBXGroup;
			children = (
				04879A7E197839CB00313BC7 /* Credits.rtf */,
				04879A80197839CB00313BC7 /* InfoPlist.strings */,
				04879A581978374100313BC7 /* Images.xcassets */,
				04879A481978374100313BC7 /* OpenMoM-Info.plist */,
			);
			name = "Supporting Files";
			path = OpenMoM;
			sourceTree = "<group>";
		};
/* End PBXGroup section */

/* Begin PBXNativeTarget section */
		04879A3C1978374100313BC7 /* OpenMoM */ = {
			isa = PBXNativeTarget;
			buildConfigurationList = 04879A6E1978374100313BC7 /* Build configuration list for PBXNativeTarget "OpenMoM" */;
			buildPhases = (
				04879A391978374100313BC7 /* Sources */,
				04879A3A1978374100313BC7 /* Frameworks */,
				04879A7B1978391500313BC7 /* CopyFiles */,
				040375C51979909C00A5B5FC /* Resources */,
			);
			buildRules = (
			);
			dependencies = (
			);
			name = OpenMoM;
			productName = OpenMoM;
			productReference = 04879A3D1978374100313BC7 /* OpenMoM.app */;
			productType = "com.apple.product-type.application";
		};
/* End PBXNativeTarget section */

/* Begin PBXProject section */
		04879A351978374100313BC7 /* Project object */ = {
			isa = PBXProject;
			attributes = {
				LastUpgradeCheck = 0510;
				ORGANIZATIONNAME = Jack;
			};
			buildConfigurationList = 04879A381978374100313BC7 /* Build configuration list for PBXProject "OpenMoM" */;
			compatibilityVersion = "Xcode 3.2";
			developmentRegion = English;
			hasScannedForEncodings = 0;
			knownRegions = (
				en,
				Base,
			);
			mainGroup = 04879A341978374100313BC7;
			productRefGroup = 04879A3E1978374100313BC7 /* Products */;
			projectDirPath = "";
			projectRoot = "";
			targets = (
				04879A3C1978374100313BC7 /* OpenMoM */,
			);
		};
/* End PBXProject section */

/* Begin PBXResourcesBuildPhase section */
		040375C51979909C00A5B5FC /* Resources */ = {
			isa = PBXResourcesBuildPhase;
			buildActionMask = 2147483647;
			files = (
				040375C6197990A100A5B5FC /* data in Resources */,
			);
			runOnlyForDeploymentPostprocessing = 0;
		};
/* End PBXResourcesBuildPhase section */

/* Begin PBXSourcesBuildPhase section */
		04879A391978374100313BC7 /* Sources */ = {
			isa = PBXSourcesBuildPhase;
			buildActionMask = 2147483647;
			files = (
				04037624197B550F00A5B5FC /* Util.cpp in Sources */,
				04037606197AC92200A5B5FC /* Army.cpp in Sources */,
				040375FE197ABA9100A5B5FC /* ViewManager.cpp in Sources */,
				04037611197AE1FF00A5B5FC /* Spells.cpp in Sources */,
				04205392197DA9E900B4C2CA /* Effects.cpp in Sources */,
				040375F2197AAF7B00A5B5FC /* View.cpp in Sources */,
				040375E0197990B900A5B5FC /* Texture.cpp in Sources */,
				04243F2E197EE9E700E8A716 /* SpellBook.cpp in Sources */,
				044247121980B97900A8D7CC /* EventMechanics.cpp in Sources */,
				0464E11D19820301009C91ED /* Hqx.cpp in Sources */,
				04037621197B539400A5B5FC /* Tile.cpp in Sources */,
				0464E11419813E1A009C91ED /* CityMechanics.cpp in Sources */,
				040375DE197990B900A5B5FC /* Font.cpp in Sources */,
				04243F2B197ED3F500E8A716 /* Combat.cpp in Sources */,
				0464E11719818239009C91ED /* PlayerMechanics.cpp in Sources */,
				04205396197DAA3C00B4C2CA /* Pathfind.cpp in Sources */,
				04037614197AF68700A5B5FC /* Settings.cpp in Sources */,
				040375E8197A775300A5B5FC /* Common.cpp in Sources */,
				0403760D197AE16100A5B5FC /* Level.cpp in Sources */,
				040375EE197A9DD600A5B5FC /* SDL.cpp in Sources */,
				040375DF197990B900A5B5FC /* Gfx.cpp in Sources */,
				04037618197AF93600A5B5FC /* NewGameView.cpp in Sources */,
				04205393197DA9E900B4C2CA /* Skill.cpp in Sources */,
				040375E61979EA6700A5B5FC /* Buttons.cpp in Sources */,
				040375DD197990B900A5B5FC /* ColorMap.cpp in Sources */,
				040375F8197AB04700A5B5FC /* LocalPlayer.cpp in Sources */,
				040375FB197AB09000A5B5FC /* Game.cpp in Sources */,
				04037603197AC90900A5B5FC /* Places.cpp in Sources */,
				04EE458E197C85C000EA0CC0 /* UnitSpec.cpp in Sources */,
				04ABF7B619833C1E00291B82 /* UnitDraw.cpp in Sources */,
				040375F5197AB04100A5B5FC /* Player.cpp in Sources */,
				0403761B197B46DA00A5B5FC /* City.cpp in Sources */,
				04EE4591197C92C400EA0CC0 /* GfxData.cpp in Sources */,
				0403761E197B52F800A5B5FC /* Unit.cpp in Sources */,
				0487516D197F612400009661 /* Messages.cpp in Sources */,
				0464E11A1981D1EF009C91ED /* CityScape.cpp in Sources */,
				04ABF7B31983286E00291B82 /* Viewport.cpp in Sources */,
				04037627197B58C900A5B5FC /* World.cpp in Sources */,
				04F00C87197E0CB000293EE0 /* CombatSpells.cpp in Sources */,
				040375EB197A9ABC00A5B5FC /* Animations.cpp in Sources */,
				0420538D197DA9D700B4C2CA /* SkillSet.cpp in Sources */,
				0442470F1980A04800A8D7CC /* SpellMechanics.cpp in Sources */,
				0420539B197DCDB300B4C2CA /* MapMechanics.cpp in Sources */,
				048E08BC1982B20A009AED0A /* WorldGenerator.cpp in Sources */,
				0403760A197AD00800A5B5FC /* Buildings.cpp in Sources */,
				04EE4594197C9D7A00EA0CC0 /* Items.cpp in Sources */,
				048E08B919829C6D009AED0A /* SkillDraw.cpp in Sources */,
				040375E2197990B900A5B5FC /* main.cpp in Sources */,
				040375E1197990B900A5B5FC /* Localization.cpp in Sources */,
				040375DC197990B900A5B5FC /* Race.cpp in Sources */,
				044E466D1980202D00E396AD /* MiniMap.cpp in Sources */,
			);
			runOnlyForDeploymentPostprocessing = 0;
		};
/* End PBXSourcesBuildPhase section */

/* Begin PBXVariantGroup section */
		04879A7E197839CB00313BC7 /* Credits.rtf */ = {
			isa = PBXVariantGroup;
			children = (
				04879A7F197839CB00313BC7 /* en */,
			);
			name = Credits.rtf;
			sourceTree = "<group>";
		};
		04879A80197839CB00313BC7 /* InfoPlist.strings */ = {
			isa = PBXVariantGroup;
			children = (
				04879A81197839CB00313BC7 /* en */,
			);
			name = InfoPlist.strings;
			sourceTree = "<group>";
		};
/* End PBXVariantGroup section */

/* Begin XCBuildConfiguration section */
		04879A6C1978374100313BC7 /* Debug */ = {
			isa = XCBuildConfiguration;
			buildSettings = {
				ALWAYS_SEARCH_USER_PATHS = YES;
				CLANG_CXX_LANGUAGE_STANDARD = "gnu++0x";
				CLANG_CXX_LIBRARY = "libc++";
				CLANG_ENABLE_MODULES = YES;
				CLANG_ENABLE_OBJC_ARC = YES;
				CLANG_WARN_BOOL_CONVERSION = YES;
				CLANG_WARN_CONSTANT_CONVERSION = YES;
				CLANG_WARN_DIRECT_OBJC_ISA_USAGE = YES_ERROR;
				CLANG_WARN_EMPTY_BODY = YES;
				CLANG_WARN_ENUM_CONVERSION = YES;
				CLANG_WARN_INT_CONVERSION = YES;
				CLANG_WARN_OBJC_ROOT_CLASS = YES_ERROR;
				CLANG_WARN__DUPLICATE_METHOD_MATCH = YES;
				COPY_PHASE_STRIP = NO;
				GCC_C_LANGUAGE_STANDARD = gnu99;
				GCC_DYNAMIC_NO_PIC = NO;
				GCC_ENABLE_CPP_RTTI = NO;
				GCC_ENABLE_OBJC_EXCEPTIONS = YES;
				GCC_OPTIMIZATION_LEVEL = 0;
				GCC_PREPROCESSOR_DEFINITIONS = (
					"DEBUG=1",
					"$(inherited)",
				);
				GCC_SYMBOLS_PRIVATE_EXTERN = NO;
				GCC_WARN_64_TO_32_BIT_CONVERSION = YES;
				GCC_WARN_ABOUT_RETURN_TYPE = YES_ERROR;
				GCC_WARN_UNDECLARED_SELECTOR = YES;
				GCC_WARN_UNINITIALIZED_AUTOS = YES_AGGRESSIVE;
				GCC_WARN_UNUSED_FUNCTION = YES;
				GCC_WARN_UNUSED_VARIABLE = YES;
				MACOSX_DEPLOYMENT_TARGET = 10.8;
				ONLY_ACTIVE_ARCH = YES;
				SDKROOT = macosx;
			};
			name = Debug;
		};
		04879A6D1978374100313BC7 /* Release */ = {
			isa = XCBuildConfiguration;
			buildSettings = {
				ALWAYS_SEARCH_USER_PATHS = YES;
				CLANG_CXX_LANGUAGE_STANDARD = "gnu++0x";
				CLANG_CXX_LIBRARY = "libc++";
				CLANG_ENABLE_MODULES = YES;
				CLANG_ENABLE_OBJC_ARC = YES;
				CLANG_WARN_BOOL_CONVERSION = YES;
				CLANG_WARN_CONSTANT_CONVERSION = YES;
				CLANG_WARN_DIRECT_OBJC_ISA_USAGE = YES_ERROR;
				CLANG_WARN_EMPTY_BODY = YES;
				CLANG_WARN_ENUM_CONVERSION = YES;
				CLANG_WARN_INT_CONVERSION = YES;
				CLANG_WARN_OBJC_ROOT_CLASS = YES_ERROR;
				CLANG_WARN__DUPLICATE_METHOD_MATCH = YES;
				COPY_PHASE_STRIP = YES;
				DEBUG_INFORMATION_FORMAT = "dwarf-with-dsym";
				ENABLE_NS_ASSERTIONS = NO;
				GCC_C_LANGUAGE_STANDARD = gnu99;
				GCC_ENABLE_CPP_RTTI = NO;
				GCC_ENABLE_OBJC_EXCEPTIONS = YES;
				GCC_WARN_64_TO_32_BIT_CONVERSION = YES;
				GCC_WARN_ABOUT_RETURN_TYPE = YES_ERROR;
				GCC_WARN_UNDECLARED_SELECTOR = YES;
				GCC_WARN_UNINITIALIZED_AUTOS = YES_AGGRESSIVE;
				GCC_WARN_UNUSED_FUNCTION = YES;
				GCC_WARN_UNUSED_VARIABLE = YES;
				MACOSX_DEPLOYMENT_TARGET = 10.8;
				SDKROOT = macosx;
			};
			name = Release;
		};
		04879A6F1978374100313BC7 /* Debug */ = {
			isa = XCBuildConfiguration;
			buildSettings = {
				ASSETCATALOG_COMPILER_APPICON_NAME = AppIcon;
				COMBINE_HIDPI_IMAGES = YES;
				FRAMEWORK_SEARCH_PATHS = (
					"$(inherited)",
					"$(PROJECT_DIR)/Libs",
				);
				INFOPLIST_FILE = "misc/OpenMoM-Info.plist";
				LD_RUNPATH_SEARCH_PATHS = "@executable_path/../Frameworks";
				PRODUCT_NAME = "$(TARGET_NAME)";
				WRAPPER_EXTENSION = app;
			};
			name = Debug;
		};
		04879A701978374100313BC7 /* Release */ = {
			isa = XCBuildConfiguration;
			buildSettings = {
				ASSETCATALOG_COMPILER_APPICON_NAME = AppIcon;
				COMBINE_HIDPI_IMAGES = YES;
				FRAMEWORK_SEARCH_PATHS = (
					"$(inherited)",
					"$(PROJECT_DIR)/Libs",
				);
				INFOPLIST_FILE = "misc/OpenMoM-Info.plist";
				LD_RUNPATH_SEARCH_PATHS = "@executable_path/../Frameworks";
				PRODUCT_NAME = "$(TARGET_NAME)";
				WRAPPER_EXTENSION = app;
			};
			name = Release;
		};
/* End XCBuildConfiguration section */

/* Begin XCConfigurationList section */
		04879A381978374100313BC7 /* Build configuration list for PBXProject "OpenMoM" */ = {
			isa = XCConfigurationList;
			buildConfigurations = (
				04879A6C1978374100313BC7 /* Debug */,
				04879A6D1978374100313BC7 /* Release */,
			);
			defaultConfigurationIsVisible = 0;
			defaultConfigurationName = Release;
		};
		04879A6E1978374100313BC7 /* Build configuration list for PBXNativeTarget "OpenMoM" */ = {
			isa = XCConfigurationList;
			buildConfigurations = (
				04879A6F1978374100313BC7 /* Debug */,
				04879A701978374100313BC7 /* Release */,
			);
			defaultConfigurationIsVisible = 0;
			defaultConfigurationName = Release;
		};
/* End XCConfigurationList section */
	};
	rootObject = 04879A351978374100313BC7 /* Project object */;
}
